# This file is automatically @generated by Cargo.
# It is not intended for manual editing.
[[package]]
name = "app"
version = "1.0.0"
dependencies = [
 "lazy_static",
 "path-absolutize",
 "sgx_types",
 "sgx_urts",
]

[[package]]
name = "lazy_static"
version = "1.4.0"
source = "registry+https://github.com/rust-lang/crates.io-index"
checksum = "e2abad23fbc42b3700f2f279844dc832adb2b2eb069b2df918f455c4e18cc646"

[[package]]
name = "libc"
version = "0.2.76"
source = "registry+https://github.com/rust-lang/crates.io-index"
checksum = "755456fae044e6fa1ebbbd1b3e902ae19e73097ed4ed87bb79934a867c007bc3"

[[package]]
name = "once_cell"
version = "1.4.1"
source = "registry+https://github.com/rust-lang/crates.io-index"
checksum = "260e51e7efe62b592207e9e13a68e43692a7a279171d6ba57abd208bf23645ad"

[[package]]
name = "path-absolutize"
version = "3.0.6"
source = "registry+https://github.com/rust-lang/crates.io-index"
checksum = "7a6ab2aaa5faefed84db46e4398eab15fa51325606462b5da8b0e230af3ac59a"
dependencies = [
 "path-dedot",
]

[[package]]
name = "path-dedot"
version = "3.0.7"
source = "registry+https://github.com/rust-lang/crates.io-index"
checksum = "658c6e985fce9c25289fe7c86c08a3cbe82c19a3cd5b3bc5945c8c632552e460"
dependencies = [
 "once_cell",
]

[[package]]
name = "sgx_types"
version = "1.1.2"
source = "git+https://github.com/apache/teaclave-sgx-sdk.git#6e720490c813bd6b67b81e645e73e76a39e75d73"

[[package]]
name = "sgx_urts"
version = "1.1.2"
source = "git+https://github.com/apache/teaclave-sgx-sdk.git#6e720490c813bd6b67b81e645e73e76a39e75d73"
dependencies = [
 "libc",
 "sgx_types",
]
